
Microsoft Visual Studio Solution File, Format Version 12.00
# Visual Studio Version 16
VisualStudioVersion = 16.0.31702.278
MinimumVisualStudioVersion = 10.0.40219.1
Project("{FAE04EC0-301F-11D3-BF4B-00C04F79EFBC}") = "OpenTopology_Adapter", "OpenTopology_Adapter\OpenTopology_Adapter.csproj", "{0ED0A943-841A-47D8-A6BF-C3CCE53C9400}"
EndProject
Project("{FAE04EC0-301F-11D3-BF4B-00C04F79EFBC}") = "OpenTopology_Engine", "OpenTopology_Engine\OpenTopology_Engine.csproj", "{6A59B340-1549-435E-A7FD-7BDFBD0C1152}"
EndProject
Project("{FAE04EC0-301F-11D3-BF4B-00C04F79EFBC}") = "OpenTopology_oM", "OpenTopology_oM\OpenTopology_oM.csproj", "{C2AE5227-B745-4E8E-910B-F39D3078B038}"
EndProject
Global
	GlobalSection(SolutionConfigurationPlatforms) = preSolution
		Debug|Any CPU = Debug|Any CPU
		Release|Any CPU = Release|Any CPU
	EndGlobalSection
	GlobalSection(ProjectConfigurationPlatforms) = postSolution
		{0ED0A943-841A-47D8-A6BF-C3CCE53C9400}.Debug|Any CPU.ActiveCfg = Debug|Any CPU
		{0ED0A943-841A-47D8-A6BF-C3CCE53C9400}.Debug|Any CPU.Build.0 = Debug|Any CPU
		{0ED0A943-841A-47D8-A6BF-C3CCE53C9400}.Release|Any CPU.ActiveCfg = Release|Any CPU
		{0ED0A943-841A-47D8-A6BF-C3CCE53C9400}.Release|Any CPU.Build.0 = Release|Any CPU
		{6A59B340-1549-435E-A7FD-7BDFBD0C1152}.Debug|Any CPU.ActiveCfg = Debug|Any CPU
		{6A59B340-1549-435E-A7FD-7BDFBD0C1152}.Debug|Any CPU.Build.0 = Debug|Any CPU
		{6A59B340-1549-435E-A7FD-7BDFBD0C1152}.Release|Any CPU.ActiveCfg = Release|Any CPU
		{6A59B340-1549-435E-A7FD-7BDFBD0C1152}.Release|Any CPU.Build.0 = Release|Any CPU
		{C2AE5227-B745-4E8E-910B-F39D3078B038}.Debug|Any CPU.ActiveCfg = Debug|Any CPU
		{C2AE5227-B745-4E8E-910B-F39D3078B038}.Debug|Any CPU.Build.0 = Debug|Any CPU
		{C2AE5227-B745-4E8E-910B-F39D3078B038}.Release|Any CPU.ActiveCfg = Release|Any CPU
		{C2AE5227-B745-4E8E-910B-F39D3078B038}.Release|Any CPU.Build.0 = Release|Any CPU
	EndGlobalSection
	GlobalSection(SolutionProperties) = preSolution
		HideSolutionNode = FALSE
	EndGlobalSection
	GlobalSection(ExtensibilityGlobals) = postSolution
		SolutionGuid = {2E2C5373-1DD7-4354-9E05-2B81C94679D8}
	EndGlobalSection
EndGlobal
